{
    "_readme": [
        "This file locks the dependencies of your project to a known state",
        "Read more about it at https://getcomposer.org/doc/01-basic-usage.md#installing-dependencies",
        "This file is @generated automatically"
    ],
    "content-hash": "f08766a74e5cdcbfca23f9be4227ab53",
    "packages": [
        {
            "name": "blake-gardner/mac-address",
            "version": "2.1.4",
            "source": {
                "type": "git",
                "url": "https://github.com/BlakeGardner/php-mac-address.git",
                "reference": "b1a4f00769e604913f95585f2fd887066aa127bb"
            },
            "dist": {
                "type": "zip",
                "url": "https://api.github.com/repos/BlakeGardner/php-mac-address/zipball/b1a4f00769e604913f95585f2fd887066aa127bb",
                "reference": "b1a4f00769e604913f95585f2fd887066aa127bb",
                "shasum": ""
            },
            "require": {
                "php": ">=5.3.2"
            },
            "require-dev": {
                "squizlabs/php_codesniffer": "dev-phpcs-fixer"
            },
            "type": "library",
            "autoload": {
                "psr-0": {
                    "BlakeGardner\\MacAddress": "src/"
                }
            },
            "notification-url": "https://packagist.org/downloads/",
            "license": [
                "MIT"
            ],
            "authors": [
                {
                    "name": "Blake Gardner",
                    "email": "blakegardner@cox.net"
                }
            ],
            "description": "Get, validate and generate MAC addresses.",
            "keywords": [
                "DHCP",
                "IP",
                "MAC",
                "address",
                "ifconfig"
            ],
            "time": "2018-08-21T20:03:45+00:00"
        },
        {
            "name": "darsyn/ip",
            "version": "4.0.0",
            "source": {
                "type": "git",
                "url": "https://github.com/darsyn/ip.git",
                "reference": "36db5b2160190de65ea66db4eedf38b3cfaa4d94"
            },
            "dist": {
                "type": "zip",
                "url": "https://api.github.com/repos/darsyn/ip/zipball/36db5b2160190de65ea66db4eedf38b3cfaa4d94",
                "reference": "36db5b2160190de65ea66db4eedf38b3cfaa4d94",
                "shasum": ""
            },
            "require": {
                "php-64bit": ">=5.6",
                "php-ipv6": ">=5.6"
            },
            "suggest": {
                "doctrine/dbal": "to use IP as a column type"
            },
            "type": "library",
            "autoload": {
                "psr-4": {
                    "Darsyn\\IP\\": "src/"
                }
            },
            "notification-url": "https://packagist.org/downloads/",
            "license": [
                "MIT"
            ],
            "authors": [
                {
                    "name": "Zan Baldwin",
                    "email": "hello@zanbaldwin.com",
                    "homepage": "https://zanbaldwin.com"
                }
            ],
            "description": "An immutable IP Address value object that provides several different notations, including helper functions.",
            "homepage": "https://github.com/darsyn/ip",
            "keywords": [
                "IP",
                "immutable",
                "ipv4",
                "ipv6",
                "library",
                "value-object"
            ],
            "time": "2018-06-15T13:45:56+00:00"
        },
        {
            "name": "pear2/net_routeros",
            "version": "1.0.0b6",
            "source": {
                "type": "git",
                "url": "https://github.com/pear2/Net_RouterOS.git",
                "reference": "8af33b009ec51c09d3bc09f3986034f19f7c439c"
            },
            "dist": {
                "type": "zip",
                "url": "https://api.github.com/repos/pear2/Net_RouterOS/zipball/8af33b009ec51c09d3bc09f3986034f19f7c439c",
                "reference": "8af33b009ec51c09d3bc09f3986034f19f7c439c",
                "shasum": ""
            },
            "require": {
                "pear2/net_transmitter": ">=1.0.0b1",
                "php": ">=5.3.0"
            },
            "require-dev": {
                "pear2/cache_shm": "dev-develop",
                "pear2/console_color": "dev-develop",
                "pear2/console_commandline": "dev-master",
                "phpunit/phpunit": "@stable",
                "squizlabs/php_codesniffer": "@stable"
            },
            "suggest": {
                "ext-apc": "This, APCu or Wincache is required for persistent connections.",
                "ext-apcu": "This, APC or Wincache is required for persistent connections.",
                "ext-openssl": "Enables encrypted connections.",
                "ext-wincache": "This, APC or APCu is required for persistent connections. Reccomended for Windows.",
                "pear2/cache_shm": "Enables persistent connections.",
                "pear2/console_color": "Enables colors in the console",
                "pear2/console_commandline": "Enables the console"
            },
            "bin": [
                "scripts/roscon.php"
            ],
            "type": "library",
            "autoload": {
                "psr-0": {
                    "PEAR2\\Net\\RouterOS\\": "src/",
                    "PEAR2\\Net\\Transmitter\\": "vendor/pear2/net_transmitter/src/",
                    "PEAR2\\Cache\\SHM": "vendor/pear2/cache_shm/src/",
                    "PEAR2\\Console\\Color": "vendor/pear2/console_color/src/"
                }
            },
            "notification-url": "https://packagist.org/downloads/",
            "license": [
                "LGPL-2.1"
            ],
            "authors": [
                {
                    "name": "Vasil Rangelov",
                    "email": "boen.robot@gmail.com",
                    "role": "lead"
                }
            ],
            "description": "This package allows you to read and write information from a RouterOS host using MikroTik's RouterOS API.",
            "homepage": "http://pear2.github.com/Net_RouterOS/",
            "keywords": [
                "api",
                "mikrotik",
                "package",
                "pear2",
                "router",
                "routeros"
            ],
            "time": "2017-05-22T15:42:06+00:00"
        },
        {
            "name": "pear2/net_transmitter",
            "version": "1.0.0b2",
            "source": {
                "type": "git",
                "url": "https://github.com/pear2/Net_Transmitter.git",
                "reference": "5abea5cd481ac9631f446cfb8fb415f4c43318f6"
            },
            "dist": {
                "type": "zip",
                "url": "https://api.github.com/repos/pear2/Net_Transmitter/zipball/5abea5cd481ac9631f446cfb8fb415f4c43318f6",
                "reference": "5abea5cd481ac9631f446cfb8fb415f4c43318f6",
                "shasum": ""
            },
            "require": {
                "php": ">=5.3.0"
            },
            "require-dev": {
                "phpunit/phpunit": "@stable"
            },
            "suggest": {
                "ext-apc": "This, APCu or Wincache is required for persistent connections.",
                "ext-apcu": "This, APC or Wincache is required for persistent connections.",
                "ext-openssl": "Enables encrypted connections.",
                "ext-wincache": "This, APC or APCu is required for persistent connections. Reccomended for Windows.",
                "pear2/cache_shm": "Enables persistent connections"
            },
            "type": "library",
            "autoload": {
                "psr-0": {
                    "PEAR2\\Net\\Transmitter\\": "src/"
                }
            },
            "notification-url": "https://packagist.org/downloads/",
            "license": [
                "LGPL-2.1"
            ],
            "authors": [
                {
                    "name": "Vasil Rangelov",
                    "email": "boen.robot@gmail.com",
                    "role": "lead"
                }
            ],
            "description": "A stream wrapper that ensures data integrity. Particularly useful for sockets.",
            "homepage": "http://pear2.github.com/Net_Transmitter/",
            "keywords": [
                "Socket",
                "integrity",
                "network",
                "networking",
                "package",
                "pear2",
                "sockets"
            ],
            "time": "2017-05-13T13:41:29+00:00"
        },
        {
            "name": "psr/log",
            "version": "1.1.0",
            "source": {
                "type": "git",
                "url": "https://github.com/php-fig/log.git",
                "reference": "6c001f1daafa3a3ac1d8ff69ee4db8e799a654dd"
            },
            "dist": {
                "type": "zip",
                "url": "https://api.github.com/repos/php-fig/log/zipball/6c001f1daafa3a3ac1d8ff69ee4db8e799a654dd",
                "reference": "6c001f1daafa3a3ac1d8ff69ee4db8e799a654dd",
                "shasum": ""
            },
            "require": {
                "php": ">=5.3.0"
            },
            "type": "library",
            "extra": {
                "branch-alias": {
                    "dev-master": "1.0.x-dev"
                }
            },
            "autoload": {
                "psr-4": {
                    "Psr\\Log\\": "Psr/Log/"
                }
            },
            "notification-url": "https://packagist.org/downloads/",
            "license": [
                "MIT"
            ],
            "authors": [
                {
                    "name": "PHP-FIG",
                    "homepage": "http://www.php-fig.org/"
                }
            ],
            "description": "Common interface for logging libraries",
            "homepage": "https://github.com/php-fig/log",
            "keywords": [
                "log",
                "psr",
                "psr-3"
            ],
            "time": "2018-11-20T15:27:04+00:00"
        }
    ],
    "packages-dev": [],
    "aliases": [],
    "minimum-stability": "beta",
    "stability-flags": {
        "pear2/net_routeros": 10
    },
    "prefer-stable": false,
    "prefer-lowest": false,
    "platform": {
        "php": "^7.3",
        "ext-json": "*"
    },
    "platform-dev": []
}
